
Microsoft Visual Studio Solution File, Format Version 12.00
Project("{FAE04EC0-301F-11D3-BF4B-00C04F79EFBC}") = "WpfApp1", "WpfApp1\WpfApp1.csproj", "{CC9FA809-5112-4E29-95EB-F6BB9B0ABF54}"
EndProject
Global
	GlobalSection(SolutionConfigurationPlatforms) = preSolution
		Debug|Any CPU = Debug|Any CPU
		Release|Any CPU = Release|Any CPU
	EndGlobalSection
	GlobalSection(ProjectConfigurationPlatforms) = postSolution
		{CC9FA809-5112-4E29-95EB-F6BB9B0ABF54}.Debug|Any CPU.ActiveCfg = Debug|Any CPU
		{CC9FA809-5112-4E29-95EB-F6BB9B0ABF54}.Debug|Any CPU.Build.0 = Debug|Any CPU
		{CC9FA809-5112-4E29-95EB-F6BB9B0ABF54}.Release|Any CPU.ActiveCfg = Release|Any CPU
		{CC9FA809-5112-4E29-95EB-F6BB9B0ABF54}.Release|Any CPU.Build.0 = Release|Any CPU
	EndGlobalSection
EndGlobal
